
Microsoft Visual Studio Solution File, Format Version 12.00
# Visual Studio Version 16
VisualStudioVersion = 16.0.30503.244
MinimumVisualStudioVersion = 10.0.40219.1
Project("{9A19103F-16F7-4668-BE54-9A1E7A4F7556}") = "AssemblyBrowserLibrary", "AssemblyBrowserLibrary\AssemblyBrowserLibrary.csproj", "{486F3907-7712-4594-8F95-E92902F925F1}"
EndProject
Project("{9A19103F-16F7-4668-BE54-9A1E7A4F7556}") = "AssemblyBrowserApp", "AssemblyBrowserApp\AssemblyBrowserApp.csproj", "{721B4C9D-5DD0-48B4-862F-CAB884B2A046}"
EndProject
Project("{FAE04EC0-301F-11D3-BF4B-00C04F79EFBC}") = "AssemblyBrowserTest", "AssemblyBrowserTest\AssemblyBrowserTest.csproj", "{A13BB583-BBB5-4525-AF1F-49856C74BAB9}"
EndProject
Global
	GlobalSection(SolutionConfigurationPlatforms) = preSolution
		Debug|Any CPU = Debug|Any CPU
		Release|Any CPU = Release|Any CPU
	EndGlobalSection
	GlobalSection(ProjectConfigurationPlatforms) = postSolution
		{486F3907-7712-4594-8F95-E92902F925F1}.Debug|Any CPU.ActiveCfg = Debug|Any CPU
		{486F3907-7712-4594-8F95-E92902F925F1}.Debug|Any CPU.Build.0 = Debug|Any CPU
		{486F3907-7712-4594-8F95-E92902F925F1}.Release|Any CPU.ActiveCfg = Release|Any CPU
		{486F3907-7712-4594-8F95-E92902F925F1}.Release|Any CPU.Build.0 = Release|Any CPU
		{721B4C9D-5DD0-48B4-862F-CAB884B2A046}.Debug|Any CPU.ActiveCfg = Debug|Any CPU
		{721B4C9D-5DD0-48B4-862F-CAB884B2A046}.Debug|Any CPU.Build.0 = Debug|Any CPU
		{721B4C9D-5DD0-48B4-862F-CAB884B2A046}.Release|Any CPU.ActiveCfg = Release|Any CPU
		{721B4C9D-5DD0-48B4-862F-CAB884B2A046}.Release|Any CPU.Build.0 = Release|Any CPU
		{A13BB583-BBB5-4525-AF1F-49856C74BAB9}.Debug|Any CPU.ActiveCfg = Debug|Any CPU
		{A13BB583-BBB5-4525-AF1F-49856C74BAB9}.Debug|Any CPU.Build.0 = Debug|Any CPU
		{A13BB583-BBB5-4525-AF1F-49856C74BAB9}.Release|Any CPU.ActiveCfg = Release|Any CPU
		{A13BB583-BBB5-4525-AF1F-49856C74BAB9}.Release|Any CPU.Build.0 = Release|Any CPU
	EndGlobalSection
	GlobalSection(SolutionProperties) = preSolution
		HideSolutionNode = FALSE
	EndGlobalSection
	GlobalSection(ExtensibilityGlobals) = postSolution
		SolutionGuid = {05B66C2B-8FFE-43B7-BBF4-2F4A01C1F329}
	EndGlobalSection
EndGlobal
